
Microsoft Visual Studio Solution File, Format Version 12.00
# Visual Studio 2013
VisualStudioVersion = 12.0.30723.0
MinimumVisualStudioVersion = 10.0.40219.1
Project("{159641D6-6404-4A2A-AE62-294DE0FE8301}") = "SSIS ETL Project 2", "SSIS ETL Project 2\SSIS ETL Project 2.dtproj", "{248CA9B6-55AE-4717-B09D-9D7C536D234A}"
EndProject
Global
	GlobalSection(SolutionConfigurationPlatforms) = preSolution
		Development|Default = Development|Default
	EndGlobalSection
	GlobalSection(ProjectConfigurationPlatforms) = postSolution
		{248CA9B6-55AE-4717-B09D-9D7C536D234A}.Development|Default.ActiveCfg = Development
		{248CA9B6-55AE-4717-B09D-9D7C536D234A}.Development|Default.Build.0 = Development
	EndGlobalSection
	GlobalSection(SolutionProperties) = preSolution
		HideSolutionNode = FALSE
	EndGlobalSection
EndGlobal
